
Microsoft Visual Studio Solution File, Format Version 12.00
# Visual Studio Version 17
VisualStudioVersion = 17.8.34330.188
MinimumVisualStudioVersion = 10.0.40219.1
Project("{FAE04EC0-301F-11D3-BF4B-00C04F79EFBC}") = "Masters_Details_CRUD", "Masters_Details_CRUD\Masters_Details_CRUD.csproj", "{01A2DBED-465C-4139-B71C-D01DA942000E}"
EndProject
Global
	GlobalSection(SolutionConfigurationPlatforms) = preSolution
		Debug|Any CPU = Debug|Any CPU
		Release|Any CPU = Release|Any CPU
	EndGlobalSection
	GlobalSection(ProjectConfigurationPlatforms) = postSolution
		{01A2DBED-465C-4139-B71C-D01DA942000E}.Debug|Any CPU.ActiveCfg = Debug|Any CPU
		{01A2DBED-465C-4139-B71C-D01DA942000E}.Debug|Any CPU.Build.0 = Debug|Any CPU
		{01A2DBED-465C-4139-B71C-D01DA942000E}.Release|Any CPU.ActiveCfg = Release|Any CPU
		{01A2DBED-465C-4139-B71C-D01DA942000E}.Release|Any CPU.Build.0 = Release|Any CPU
	EndGlobalSection
	GlobalSection(SolutionProperties) = preSolution
		HideSolutionNode = FALSE
	EndGlobalSection
	GlobalSection(ExtensibilityGlobals) = postSolution
		SolutionGuid = {4AD9300E-D4B9-4D69-A9FC-9702B2AEB4F4}
	EndGlobalSection
EndGlobal
